
Microsoft Visual Studio Solution File, Format Version 12.00
# Visual Studio Version 17
VisualStudioVersion = 17.1.32210.238
MinimumVisualStudioVersion = 10.0.40219.1
Project("{FAE04EC0-301F-11D3-BF4B-00C04F79EFBC}") = "HttpServer", "HttpServer.csproj", "{849A2B33-CC66-47EA-964D-81927B11C000}"
EndProject
Global
	GlobalSection(SolutionConfigurationPlatforms) = preSolution
		Debug|Any CPU = Debug|Any CPU
		Release|Any CPU = Release|Any CPU
	EndGlobalSection
	GlobalSection(ProjectConfigurationPlatforms) = postSolution
		{849A2B33-CC66-47EA-964D-81927B11C000}.Debug|Any CPU.ActiveCfg = Debug|Any CPU
		{849A2B33-CC66-47EA-964D-81927B11C000}.Debug|Any CPU.Build.0 = Debug|Any CPU
		{849A2B33-CC66-47EA-964D-81927B11C000}.Release|Any CPU.ActiveCfg = Release|Any CPU
		{849A2B33-CC66-47EA-964D-81927B11C000}.Release|Any CPU.Build.0 = Release|Any CPU
	EndGlobalSection
	GlobalSection(SolutionProperties) = preSolution
		HideSolutionNode = FALSE
	EndGlobalSection
	GlobalSection(ExtensibilityGlobals) = postSolution
		SolutionGuid = {746B3D74-360D-4AD5-B767-236BC1D14183}
	EndGlobalSection
EndGlobal
